
Microsoft Visual Studio Solution File, Format Version 12.00
# Visual Studio Version 17
VisualStudioVersion = 17.2.32630.192
MinimumVisualStudioVersion = 10.0.40219.1
Project("{FAE04EC0-301F-11D3-BF4B-00C04F79EFBC}") = "YesilEvV2.Core", "YesilEvV2.Core\YesilEvV2.Core.csproj", "{B22F9F3E-963A-4D92-B745-169ADF47EE30}"
EndProject
Project("{FAE04EC0-301F-11D3-BF4B-00C04F79EFBC}") = "YesilEvV2.DAL", "YesilEvV2.DAL\YesilEvV2.DAL.csproj", "{02042579-41F4-4362-8527-80278BAC5762}"
EndProject
Project("{FAE04EC0-301F-11D3-BF4B-00C04F79EFBC}") = "YesilEvV2.UIWinForm", "YesilEvV2.UIWinForm\YesilEvV2.UIWinForm.csproj", "{C688EA2A-50BD-422E-A61B-FF3FC0C52737}"
EndProject
Project("{FAE04EC0-301F-11D3-BF4B-00C04F79EFBC}") = "YesilEvV2.Validation", "YesilEvV2.Validation\YesilEvV2.Validation.csproj", "{C89D8D63-3B57-45B2-9564-C0B0655FE9C3}"
EndProject
Project("{FAE04EC0-301F-11D3-BF4B-00C04F79EFBC}") = "YesilEvV2.DTOs", "YesilEvV2.DTOs\YesilEvV2.DTOs.csproj", "{B1D5B9CF-55CB-4690-9BDA-1E284A5AD568}"
EndProject
Project("{FAE04EC0-301F-11D3-BF4B-00C04F79EFBC}") = "YesilEvV2.Mapping", "YesilEvV2.Mapping\YesilEvV2.Mapping.csproj", "{F9F7B107-3BE6-4882-B90A-6496937AB147}"
EndProject
Project("{FAE04EC0-301F-11D3-BF4B-00C04F79EFBC}") = "YesilEvV2.Log", "YesilEvV2.Log\YesilEvV2.Log.csproj", "{E1F9A1F5-83BC-48D9-B563-88371E2C9E46}"
EndProject
Project("{54435603-DBB4-11D2-8724-00A0C9A8B90C}") = "YesilEvV2.Setup", "YesilEvV2.Setup\YesilEvV2.Setup.vdproj", "{21B9F5C4-38DD-4E38-AFE5-13208E77DA1A}"
EndProject
Global
	GlobalSection(SolutionConfigurationPlatforms) = preSolution
		Debug|Any CPU = Debug|Any CPU
		Release|Any CPU = Release|Any CPU
	EndGlobalSection
	GlobalSection(ProjectConfigurationPlatforms) = postSolution
		{B22F9F3E-963A-4D92-B745-169ADF47EE30}.Debug|Any CPU.ActiveCfg = Debug|Any CPU
		{B22F9F3E-963A-4D92-B745-169ADF47EE30}.Debug|Any CPU.Build.0 = Debug|Any CPU
		{B22F9F3E-963A-4D92-B745-169ADF47EE30}.Release|Any CPU.ActiveCfg = Release|Any CPU
		{B22F9F3E-963A-4D92-B745-169ADF47EE30}.Release|Any CPU.Build.0 = Release|Any CPU
		{02042579-41F4-4362-8527-80278BAC5762}.Debug|Any CPU.ActiveCfg = Debug|Any CPU
		{02042579-41F4-4362-8527-80278BAC5762}.Debug|Any CPU.Build.0 = Debug|Any CPU
		{02042579-41F4-4362-8527-80278BAC5762}.Release|Any CPU.ActiveCfg = Release|Any CPU
		{02042579-41F4-4362-8527-80278BAC5762}.Release|Any CPU.Build.0 = Release|Any CPU
		{C688EA2A-50BD-422E-A61B-FF3FC0C52737}.Debug|Any CPU.ActiveCfg = Debug|Any CPU
		{C688EA2A-50BD-422E-A61B-FF3FC0C52737}.Debug|Any CPU.Build.0 = Debug|Any CPU
		{C688EA2A-50BD-422E-A61B-FF3FC0C52737}.Release|Any CPU.ActiveCfg = Release|Any CPU
		{C688EA2A-50BD-422E-A61B-FF3FC0C52737}.Release|Any CPU.Build.0 = Release|Any CPU
		{C89D8D63-3B57-45B2-9564-C0B0655FE9C3}.Debug|Any CPU.ActiveCfg = Debug|Any CPU
		{C89D8D63-3B57-45B2-9564-C0B0655FE9C3}.Debug|Any CPU.Build.0 = Debug|Any CPU
		{C89D8D63-3B57-45B2-9564-C0B0655FE9C3}.Release|Any CPU.ActiveCfg = Release|Any CPU
		{C89D8D63-3B57-45B2-9564-C0B0655FE9C3}.Release|Any CPU.Build.0 = Release|Any CPU
		{B1D5B9CF-55CB-4690-9BDA-1E284A5AD568}.Debug|Any CPU.ActiveCfg = Debug|Any CPU
		{B1D5B9CF-55CB-4690-9BDA-1E284A5AD568}.Debug|Any CPU.Build.0 = Debug|Any CPU
		{B1D5B9CF-55CB-4690-9BDA-1E284A5AD568}.Release|Any CPU.ActiveCfg = Release|Any CPU
		{B1D5B9CF-55CB-4690-9BDA-1E284A5AD568}.Release|Any CPU.Build.0 = Release|Any CPU
		{F9F7B107-3BE6-4882-B90A-6496937AB147}.Debug|Any CPU.ActiveCfg = Debug|Any CPU
		{F9F7B107-3BE6-4882-B90A-6496937AB147}.Debug|Any CPU.Build.0 = Debug|Any CPU
		{F9F7B107-3BE6-4882-B90A-6496937AB147}.Release|Any CPU.ActiveCfg = Release|Any CPU
		{F9F7B107-3BE6-4882-B90A-6496937AB147}.Release|Any CPU.Build.0 = Release|Any CPU
		{E1F9A1F5-83BC-48D9-B563-88371E2C9E46}.Debug|Any CPU.ActiveCfg = Debug|Any CPU
		{E1F9A1F5-83BC-48D9-B563-88371E2C9E46}.Debug|Any CPU.Build.0 = Debug|Any CPU
		{E1F9A1F5-83BC-48D9-B563-88371E2C9E46}.Release|Any CPU.ActiveCfg = Release|Any CPU
		{E1F9A1F5-83BC-48D9-B563-88371E2C9E46}.Release|Any CPU.Build.0 = Release|Any CPU
		{21B9F5C4-38DD-4E38-AFE5-13208E77DA1A}.Debug|Any CPU.ActiveCfg = Debug
		{21B9F5C4-38DD-4E38-AFE5-13208E77DA1A}.Release|Any CPU.ActiveCfg = Release
	EndGlobalSection
	GlobalSection(SolutionProperties) = preSolution
		HideSolutionNode = FALSE
	EndGlobalSection
	GlobalSection(ExtensibilityGlobals) = postSolution
		SolutionGuid = {0BCA3644-9A1C-42D8-A794-E6BFFAC1B4CC}
	EndGlobalSection
EndGlobal
